<?xml version="1.0" encoding="utf-8"?>
<Project ToolsVersion="4.0" xmlns="http://schemas.microsoft.com/developer/msbuild/2003">
  <ItemGroup>
    <Filter Include="Source Files">
      <UniqueIdentifier>{4FC737F1-C7A5-4376-A066-2A32D752A2FF}</UniqueIdentifier>
      <Extensions>cpp;c;cc;cxx;c++;def;odl;idl;hpj;bat;asm;asmx</Extensions>
    </Filter>
    <Filter Include="Header Files">
      <UniqueIdentifier>{93995380-89BD-4b04-88EB-625FBE52EBFB}</UniqueIdentifier>
      <Extensions>h;hh;hpp;hxx;h++;hm;inl;inc;ipp;xsd</Extensions>
    </Filter>
    <Filter Include="Resource Files">
      <UniqueIdentifier>{67DA6AB6-F800-4c08-8B7A-83BB121AAD01}</UniqueIdentifier>
      <Extensions>rc;ico;cur;bmp;dlg;rc2;rct;bin;rgs;gif;jpg;jpeg;jpe;resx;tiff;tif;png;wav;mfcribbon-ms</Extensions>
    </Filter>
    <Filter Include="Header Files\Modular Program">
      <UniqueIdentifier>{ef0095b3-fc7c-4318-a242-73d2f8718053}</UniqueIdentifier>
    </Filter>
    <Filter Include="Header Files\Modular Program\Interfaces">
      <UniqueIdentifier>{0bcddd39-9adb-4899-b15e-63cd56270a33}</UniqueIdentifier>
    </Filter>
    <Filter Include="Source Files\ModularProgramm">
      <UniqueIdentifier>{d77b4bf3-9062-44be-8e5f-e45262fb6540}</UniqueIdentifier>
    </Filter>
  </ItemGroup>
  <ItemGroup>
    <ClCompile Include="AdvancedStore.cpp">
      <Filter>Source Files</Filter>
    </ClCompile>
    <ClCompile Include="Product.cpp">
      <Filter>Source Files</Filter>
    </ClCompile>
    <ClCompile Include="ProductManufacturer.cpp">
      <Filter>Source Files</Filter>
    </ClCompile>
    <ClCompile Include="Store.cpp">
      <Filter>Source Files</Filter>
    </ClCompile>
    <ClCompile Include="GlobalVariableContainer.cpp">
      <Filter>Source Files\ModularProgramm</Filter>
    </ClCompile>
    <ClCompile Include="MenuChooseInterface.cpp">
      <Filter>Source Files\ModularProgramm</Filter>
    </ClCompile>
    <ClCompile Include="Player.cpp">
      <Filter>Source Files\ModularProgramm</Filter>
    </ClCompile>
    <ClCompile Include="ProgrammInterface.cpp">
      <Filter>Source Files\ModularProgramm</Filter>
    </ClCompile>
  </ItemGroup>
  <ItemGroup>
    <ClInclude Include="Store.h">
      <Filter>Header Files</Filter>
    </ClInclude>
    <ClInclude Include="Product.h">
      <Filter>Header Files</Filter>
    </ClInclude>
    <ClInclude Include="GlobalVariableContainer.h">
      <Filter>Header Files\Modular Program</Filter>
    </ClInclude>
    <ClInclude Include="ProductManufacturer.h">
      <Filter>Header Files</Filter>
    </ClInclude>
    <ClInclude Include="ProgrammInterface.h">
      <Filter>Header Files\Modular Program\Interfaces</Filter>
    </ClInclude>
    <ClInclude Include="Player.h">
      <Filter>Header Files\Modular Program</Filter>
    </ClInclude>
    <ClInclude Include="MenuChooseInterface.h">
      <Filter>Header Files\Modular Program\Interfaces</Filter>
    </ClInclude>
  </ItemGroup>
</Project>